Microsoft Visual Studio Solution File, Format Version 12.00
# Visual Studio Version 17
VisualStudioVersion = 17.5.2.0
MinimumVisualStudioVersion = 10.0.40219.1
Project("{FAE04EC0-301F-11D3-BF4B-00C04F79EFBC}") = "NotesApp.Api", "NotesApp.Api\NotesApp.Api.csproj", "{75E00BB6-C8A4-8E23-7230-414A60AB664D}"
EndProject
Global
	GlobalSection(SolutionConfigurationPlatforms) = preSolution
		Debug|Any CPU = Debug|Any CPU
		Release|Any CPU = Release|Any CPU
	EndGlobalSection
	GlobalSection(ProjectConfigurationPlatforms) = postSolution
		{75E00BB6-C8A4-8E23-7230-414A60AB664D}.Debug|Any CPU.ActiveCfg = Debug|Any CPU
		{75E00BB6-C8A4-8E23-7230-414A60AB664D}.Debug|Any CPU.Build.0 = Debug|Any CPU
		{75E00BB6-C8A4-8E23-7230-414A60AB664D}.Release|Any CPU.ActiveCfg = Release|Any CPU
		{75E00BB6-C8A4-8E23-7230-414A60AB664D}.Release|Any CPU.Build.0 = Release|Any CPU
	EndGlobalSection
	GlobalSection(SolutionProperties) = preSolution
		HideSolutionNode = FALSE
	EndGlobalSection
	GlobalSection(ExtensibilityGlobals) = postSolution
		SolutionGuid = {E4EFBB38-831B-4DC9-8AEA-BA53AB8AEB05}
	EndGlobalSection
EndGlobal
